
Microsoft Visual Studio Solution File, Format Version 12.00
# Visual Studio 15
VisualStudioVersion = 15.0.27703.2042
MinimumVisualStudioVersion = 10.0.40219.1
Project("{9A19103F-16F7-4668-BE54-9A1E7A4F7556}") = "RealTimeGraphX", "RealTimeGraphX\RealTimeGraphX.csproj", "{61F001E1-6E17-4CA6-8F3A-8A11D7166815}"
EndProject
Project("{FAE04EC0-301F-11D3-BF4B-00C04F79EFBC}") = "RealTimeGraphX.WPF", "RealTimeGraphX.WPF\RealTimeGraphX.WPF.csproj", "{6B9774F7-960D-438E-AD81-C6B9BE328D50}"
EndProject
Project("{FAE04EC0-301F-11D3-BF4B-00C04F79EFBC}") = "RealTimeGraphX.WPF.Demo", "RealTimeGraphX.WPF.Demo\RealTimeGraphX.WPF.Demo.csproj", "{B822CBD9-1113-4668-85C9-22AA9C24CE60}"
EndProject
Project("{FAE04EC0-301F-11D3-BF4B-00C04F79EFBC}") = "RealTimeGraphX.UWP", "RealTimeGraphX.UWP\RealTimeGraphX.UWP.csproj", "{4469436D-4DAB-46CC-B400-154EB3CBD45B}"
EndProject
Project("{FAE04EC0-301F-11D3-BF4B-00C04F79EFBC}") = "RealTimeGraphX.UWP.Demo", "RealTimeGraphX.UWP.Demo\RealTimeGraphX.UWP.Demo.csproj", "{60F66363-11E0-406F-A18E-1A4AFCAA80AF}"
EndProject
Global
	GlobalSection(SolutionConfigurationPlatforms) = preSolution
		Debug|Any CPU = Debug|Any CPU
		Debug|ARM = Debug|ARM
		Debug|x64 = Debug|x64
		Debug|x86 = Debug|x86
		Release|Any CPU = Release|Any CPU
		Release|ARM = Release|ARM
		Release|x64 = Release|x64
		Release|x86 = Release|x86
	EndGlobalSection
	GlobalSection(ProjectConfigurationPlatforms) = postSolution
		{61F001E1-6E17-4CA6-8F3A-8A11D7166815}.Debug|Any CPU.ActiveCfg = Debug|Any CPU
		{61F001E1-6E17-4CA6-8F3A-8A11D7166815}.Debug|Any CPU.Build.0 = Debug|Any CPU
		{61F001E1-6E17-4CA6-8F3A-8A11D7166815}.Debug|ARM.ActiveCfg = Debug|Any CPU
		{61F001E1-6E17-4CA6-8F3A-8A11D7166815}.Debug|ARM.Build.0 = Debug|Any CPU
		{61F001E1-6E17-4CA6-8F3A-8A11D7166815}.Debug|x64.ActiveCfg = Debug|Any CPU
		{61F001E1-6E17-4CA6-8F3A-8A11D7166815}.Debug|x64.Build.0 = Debug|Any CPU
		{61F001E1-6E17-4CA6-8F3A-8A11D7166815}.Debug|x86.ActiveCfg = Debug|Any CPU
		{61F001E1-6E17-4CA6-8F3A-8A11D7166815}.Debug|x86.Build.0 = Debug|Any CPU
		{61F001E1-6E17-4CA6-8F3A-8A11D7166815}.Release|Any CPU.ActiveCfg = Release|Any CPU
		{61F001E1-6E17-4CA6-8F3A-8A11D7166815}.Release|Any CPU.Build.0 = Release|Any CPU
		{61F001E1-6E17-4CA6-8F3A-8A11D7166815}.Release|ARM.ActiveCfg = Release|Any CPU
		{61F001E1-6E17-4CA6-8F3A-8A11D7166815}.Release|ARM.Build.0 = Release|Any CPU
		{61F001E1-6E17-4CA6-8F3A-8A11D7166815}.Release|x64.ActiveCfg = Release|Any CPU
		{61F001E1-6E17-4CA6-8F3A-8A11D7166815}.Release|x64.Build.0 = Release|Any CPU
		{61F001E1-6E17-4CA6-8F3A-8A11D7166815}.Release|x86.ActiveCfg = Release|Any CPU
		{61F001E1-6E17-4CA6-8F3A-8A11D7166815}.Release|x86.Build.0 = Release|Any CPU
		{6B9774F7-960D-438E-AD81-C6B9BE328D50}.Debug|Any CPU.ActiveCfg = Debug|Any CPU
		{6B9774F7-960D-438E-AD81-C6B9BE328D50}.Debug|Any CPU.Build.0 = Debug|Any CPU
		{6B9774F7-960D-438E-AD81-C6B9BE328D50}.Debug|ARM.ActiveCfg = Debug|Any CPU
		{6B9774F7-960D-438E-AD81-C6B9BE328D50}.Debug|ARM.Build.0 = Debug|Any CPU
		{6B9774F7-960D-438E-AD81-C6B9BE328D50}.Debug|x64.ActiveCfg = Debug|Any CPU
		{6B9774F7-960D-438E-AD81-C6B9BE328D50}.Debug|x64.Build.0 = Debug|Any CPU
		{6B9774F7-960D-438E-AD81-C6B9BE328D50}.Debug|x86.ActiveCfg = Debug|Any CPU
		{6B9774F7-960D-438E-AD81-C6B9BE328D50}.Debug|x86.Build.0 = Debug|Any CPU
		{6B9774F7-960D-438E-AD81-C6B9BE328D50}.Release|Any CPU.ActiveCfg = Release|Any CPU
		{6B9774F7-960D-438E-AD81-C6B9BE328D50}.Release|Any CPU.Build.0 = Release|Any CPU
		{6B9774F7-960D-438E-AD81-C6B9BE328D50}.Release|ARM.ActiveCfg = Release|Any CPU
		{6B9774F7-960D-438E-AD81-C6B9BE328D50}.Release|ARM.Build.0 = Release|Any CPU
		{6B9774F7-960D-438E-AD81-C6B9BE328D50}.Release|x64.ActiveCfg = Release|Any CPU
		{6B9774F7-960D-438E-AD81-C6B9BE328D50}.Release|x64.Build.0 = Release|Any CPU
		{6B9774F7-960D-438E-AD81-C6B9BE328D50}.Release|x86.ActiveCfg = Release|Any CPU
		{6B9774F7-960D-438E-AD81-C6B9BE328D50}.Release|x86.Build.0 = Release|Any CPU
		{B822CBD9-1113-4668-85C9-22AA9C24CE60}.Debug|Any CPU.ActiveCfg = Debug|Any CPU
		{B822CBD9-1113-4668-85C9-22AA9C24CE60}.Debug|Any CPU.Build.0 = Debug|Any CPU
		{B822CBD9-1113-4668-85C9-22AA9C24CE60}.Debug|ARM.ActiveCfg = Debug|Any CPU
		{B822CBD9-1113-4668-85C9-22AA9C24CE60}.Debug|ARM.Build.0 = Debug|Any CPU
		{B822CBD9-1113-4668-85C9-22AA9C24CE60}.Debug|x64.ActiveCfg = Debug|Any CPU
		{B822CBD9-1113-4668-85C9-22AA9C24CE60}.Debug|x64.Build.0 = Debug|Any CPU
		{B822CBD9-1113-4668-85C9-22AA9C24CE60}.Debug|x86.ActiveCfg = Debug|Any CPU
		{B822CBD9-1113-4668-85C9-22AA9C24CE60}.Debug|x86.Build.0 = Debug|Any CPU
		{B822CBD9-1113-4668-85C9-22AA9C24CE60}.Release|Any CPU.ActiveCfg = Release|Any CPU
		{B822CBD9-1113-4668-85C9-22AA9C24CE60}.Release|Any CPU.Build.0 = Release|Any CPU
		{B822CBD9-1113-4668-85C9-22AA9C24CE60}.Release|ARM.ActiveCfg = Release|Any CPU
		{B822CBD9-1113-4668-85C9-22AA9C24CE60}.Release|ARM.Build.0 = Release|Any CPU
		{B822CBD9-1113-4668-85C9-22AA9C24CE60}.Release|x64.ActiveCfg = Release|Any CPU
		{B822CBD9-1113-4668-85C9-22AA9C24CE60}.Release|x64.Build.0 = Release|Any CPU
		{B822CBD9-1113-4668-85C9-22AA9C24CE60}.Release|x86.ActiveCfg = Release|Any CPU
		{B822CBD9-1113-4668-85C9-22AA9C24CE60}.Release|x86.Build.0 = Release|Any CPU
		{4469436D-4DAB-46CC-B400-154EB3CBD45B}.Debug|Any CPU.ActiveCfg = Debug|Any CPU
		{4469436D-4DAB-46CC-B400-154EB3CBD45B}.Debug|Any CPU.Build.0 = Debug|Any CPU
		{4469436D-4DAB-46CC-B400-154EB3CBD45B}.Debug|ARM.ActiveCfg = Debug|ARM
		{4469436D-4DAB-46CC-B400-154EB3CBD45B}.Debug|ARM.Build.0 = Debug|ARM
		{4469436D-4DAB-46CC-B400-154EB3CBD45B}.Debug|x64.ActiveCfg = Debug|x64
		{4469436D-4DAB-46CC-B400-154EB3CBD45B}.Debug|x64.Build.0 = Debug|x64
		{4469436D-4DAB-46CC-B400-154EB3CBD45B}.Debug|x86.ActiveCfg = Debug|x86
		{4469436D-4DAB-46CC-B400-154EB3CBD45B}.Debug|x86.Build.0 = Debug|x86
		{4469436D-4DAB-46CC-B400-154EB3CBD45B}.Release|Any CPU.ActiveCfg = Release|Any CPU
		{4469436D-4DAB-46CC-B400-154EB3CBD45B}.Release|Any CPU.Build.0 = Release|Any CPU
		{4469436D-4DAB-46CC-B400-154EB3CBD45B}.Release|ARM.ActiveCfg = Release|ARM
		{4469436D-4DAB-46CC-B400-154EB3CBD45B}.Release|ARM.Build.0 = Release|ARM
		{4469436D-4DAB-46CC-B400-154EB3CBD45B}.Release|x64.ActiveCfg = Release|x64
		{4469436D-4DAB-46CC-B400-154EB3CBD45B}.Release|x64.Build.0 = Release|x64
		{4469436D-4DAB-46CC-B400-154EB3CBD45B}.Release|x86.ActiveCfg = Release|x86
		{4469436D-4DAB-46CC-B400-154EB3CBD45B}.Release|x86.Build.0 = Release|x86
		{60F66363-11E0-406F-A18E-1A4AFCAA80AF}.Debug|Any CPU.ActiveCfg = Debug|x86
		{60F66363-11E0-406F-A18E-1A4AFCAA80AF}.Debug|Any CPU.Build.0 = Debug|x86
		{60F66363-11E0-406F-A18E-1A4AFCAA80AF}.Debug|Any CPU.Deploy.0 = Debug|x86
		{60F66363-11E0-406F-A18E-1A4AFCAA80AF}.Debug|ARM.ActiveCfg = Debug|ARM
		{60F66363-11E0-406F-A18E-1A4AFCAA80AF}.Debug|ARM.Build.0 = Debug|ARM
		{60F66363-11E0-406F-A18E-1A4AFCAA80AF}.Debug|ARM.Deploy.0 = Debug|ARM
		{60F66363-11E0-406F-A18E-1A4AFCAA80AF}.Debug|x64.ActiveCfg = Debug|x64
		{60F66363-11E0-406F-A18E-1A4AFCAA80AF}.Debug|x64.Build.0 = Debug|x64
		{60F66363-11E0-406F-A18E-1A4AFCAA80AF}.Debug|x64.Deploy.0 = Debug|x64
		{60F66363-11E0-406F-A18E-1A4AFCAA80AF}.Debug|x86.ActiveCfg = Debug|x86
		{60F66363-11E0-406F-A18E-1A4AFCAA80AF}.Debug|x86.Build.0 = Debug|x86
		{60F66363-11E0-406F-A18E-1A4AFCAA80AF}.Debug|x86.Deploy.0 = Debug|x86
		{60F66363-11E0-406F-A18E-1A4AFCAA80AF}.Release|Any CPU.ActiveCfg = Release|x86
		{60F66363-11E0-406F-A18E-1A4AFCAA80AF}.Release|ARM.ActiveCfg = Release|ARM
		{60F66363-11E0-406F-A18E-1A4AFCAA80AF}.Release|ARM.Build.0 = Release|ARM
		{60F66363-11E0-406F-A18E-1A4AFCAA80AF}.Release|ARM.Deploy.0 = Release|ARM
		{60F66363-11E0-406F-A18E-1A4AFCAA80AF}.Release|x64.ActiveCfg = Release|x64
		{60F66363-11E0-406F-A18E-1A4AFCAA80AF}.Release|x64.Build.0 = Release|x64
		{60F66363-11E0-406F-A18E-1A4AFCAA80AF}.Release|x64.Deploy.0 = Release|x64
		{60F66363-11E0-406F-A18E-1A4AFCAA80AF}.Release|x86.ActiveCfg = Release|x86
		{60F66363-11E0-406F-A18E-1A4AFCAA80AF}.Release|x86.Build.0 = Release|x86
		{60F66363-11E0-406F-A18E-1A4AFCAA80AF}.Release|x86.Deploy.0 = Release|x86
	EndGlobalSection
	GlobalSection(SolutionProperties) = preSolution
		HideSolutionNode = FALSE
	EndGlobalSection
	GlobalSection(ExtensibilityGlobals) = postSolution
		SolutionGuid = {9062FC25-46B4-420E-83F1-0174D80A4D7E}
	EndGlobalSection
EndGlobal
